github.com/gorilla/websocket v1.5.2 h1:qoW6V1GT3aZxybsbC6oLnailWnB+qTMVwMreOso9XUw=
github.com/gorilla/websocket v1.5.2/go.mod h1:0n9H61RBAcf5/38py2MCYbxzPIY9rOkpvvMT24Rqs30=
github.com/mattn/go-sqlite3 v1.14.22 h1:2gZY6PC6kBnID23Tichd1K+Z0oS6nE/XwU+Vz/5o4kU=
github.com/mattn/go-sqlite3 v1.14.22/go.mod h1:Uh1q+B4BYcTPb+yiD3kU8Ct7aC0hY9fxUwlHK0RXw+Y=
golang.org/x/net v0.23.0 h1:7EYJ93RZ9vYSZAIb2x3lnuvqO5zneoD6IvWjuhfxjTs=
golang.org/x/net v0.23.0/go.mod h1:JKghWKKOSdJwpW2GEx0Ja7fmaKnMsbu+MWVZTokSYmg=
